// !$*UTF8*$!
{
	archiveVersion = 1;
	classes = {
	};
	objectVersion = 50;
	objects = {

/* Begin PBXBuildFile section */
		2FF0456913D1E65FA2B2CB11 /* libPods-Flix.a in Frameworks */ = {isa = PBXBuildFile; fileRef = D513F4F32BC69123E3454544 /* libPods-Flix.a */; };
		674CCAA7604983C29B3BA92D /* libPods-FlixTests.a in Frameworks */ = {isa = PBXBuildFile; fileRef = 7717584F60F6A2BDBCE87148 /* libPods-FlixTests.a */; };
		9043CF2E20E4564B00785180 /* MovieCell.m in Sources */ = {isa = PBXBuildFile; fileRef = 9043CF2D20E4564B00785180 /* MovieCell.m */; };
		9043CF3120E4624B00785180 /* DetailsViewController.m in Sources */ = {isa = PBXBuildFile; fileRef = 9043CF3020E4624B00785180 /* DetailsViewController.m */; };
		9043CF3420E4866700785180 /* MoviesGridViewController.m in Sources */ = {isa = PBXBuildFile; fileRef = 9043CF3320E4866700785180 /* MoviesGridViewController.m */; };
		9043CF3720E488E300785180 /* MovieCollectionCell.m in Sources */ = {isa = PBXBuildFile; fileRef = 9043CF3620E488E300785180 /* MovieCollectionCell.m */; };
		90CE848420E5556900B0BDDE /* SearchViewController.m in Sources */ = {isa = PBXBuildFile; fileRef = 90CE848320E5556900B0BDDE /* SearchViewController.m */; };
		90CE848720E55C0400B0BDDE /* SearchCell.m in Sources */ = {isa = PBXBuildFile; fileRef = 90CE848620E55C0400B0BDDE /* SearchCell.m */; };
		90F2D19720E409AA0083C495 /* AppDelegate.m in Sources */ = {isa = PBXBuildFile; fileRef = 90F2D19620E409AA0083C495 /* AppDelegate.m */; };
		90F2D19D20E409AA0083C495 /* Main.storyboard in Resources */ = {isa = PBXBuildFile; fileRef = 90F2D19B20E409AA0083C495 /* Main.storyboard */; };
		90F2D19F20E409AB0083C495 /* Assets.xcassets in Resources */ = {isa = PBXBuildFile; fileRef = 90F2D19E20E409AB0083C495 /* Assets.xcassets */; };
		90F2D1A220E409AB0083C495 /* LaunchScreen.storyboard in Resources */ = {isa = PBXBuildFile; fileRef = 90F2D1A020E409AB0083C495 /* LaunchScreen.storyboard */; };
		90F2D1A520E409AB0083C495 /* main.m in Sources */ = {isa = PBXBuildFile; fileRef = 90F2D1A420E409AB0083C495 /* main.m */; };
		90F2D1AF20E409AB0083C495 /* FlixTests.m in Sources */ = {isa = PBXBuildFile; fileRef = 90F2D1AE20E409AB0083C495 /* FlixTests.m */; };
		90F2D1BA20E409AC0083C495 /* FlixUITests.m in Sources */ = {isa = PBXBuildFile; fileRef = 90F2D1B920E409AC0083C495 /* FlixUITests.m */; };
		90F2D1C920E413160083C495 /* MoviesViewController.m in Sources */ = {isa = PBXBuildFile; fileRef = 90F2D1C820E413160083C495 /* MoviesViewController.m */; };
		DF98CD9E05BF67E85C1B50B7 /* libPods-FlixUITests.a in Frameworks */ = {isa = PBXBuildFile; fileRef = A42E1CF18BAB74171735FAC6 /* libPods-FlixUITests.a */; };
/* End PBXBuildFile section */

/* Begin PBXContainerItemProxy section */
		90F2D1AB20E409AB0083C495 /* PBXContainerItemProxy */ = {
			isa = PBXContainerItemProxy;
			containerPortal = 90F2D18A20E409AA0083C495 /* Project object */;
			proxyType = 1;
			remoteGlobalIDString = 90F2D19120E409AA0083C495;
			remoteInfo = Flix;
		};
		90F2D1B620E409AC0083C495 /* PBXContainerItemProxy */ = {
			isa = PBXContainerItemProxy;
			containerPortal = 90F2D18A20E409AA0083C495 /* Project object */;
			proxyType = 1;
			remoteGlobalIDString = 90F2D19120E409AA0083C495;
			remoteInfo = Flix;
		};
/* End PBXContainerItemProxy section */

/* Begin PBXFileReference section */
		03CB0C70EB3B76C18E84664D /* Pods-FlixTests.release.xcconfig */ = {isa = PBXFileReference; includeInIndex = 1; lastKnownFileType = text.xcconfig; name = "Pods-FlixTests.release.xcconfig"; path = "Pods/Target Support Files/Pods-FlixTests/Pods-FlixTests.release.xcconfig"; sourceTree = "<group>"; };
		0873D5CD39EF8BB316DAA257 /* Pods-FlixUITests.debug.xcconfig */ = {isa = PBXFileReference; includeInIndex = 1; lastKnownFileType = text.xcconfig; name = "Pods-FlixUITests.debug.xcconfig"; path = "Pods/Target Support Files/Pods-FlixUITests/Pods-FlixUITests.debug.xcconfig"; sourceTree = "<group>"; };
		3FC82CA63BD2B454D04361E1 /* Pods-Flix.debug.xcconfig */ = {isa = PBXFileReference; includeInIndex = 1; lastKnownFileType = text.xcconfig; name = "Pods-Flix.debug.xcconfig"; path = "Pods/Target Support Files/Pods-Flix/Pods-Flix.debug.xcconfig"; sourceTree = "<group>"; };
		450C56691BAC9EBFB1925EDA /* Pods-FlixUITests.release.xcconfig */ = {isa = PBXFileReference; includeInIndex = 1; lastKnownFileType = text.xcconfig; name = "Pods-FlixUITests.release.xcconfig"; path = "Pods/Target Support Files/Pods-FlixUITests/Pods-FlixUITests.release.xcconfig"; sourceTree = "<group>"; };
		7717584F60F6A2BDBCE87148 /* libPods-FlixTests.a */ = {isa = PBXFileReference; explicitFileType = archive.ar; includeInIndex = 0; path = "libPods-FlixTests.a"; sourceTree = BUILT_PRODUCTS_DIR; };
		9043CF2C20E4564B00785180 /* MovieCell.h */ = {isa = PBXFileReference; lastKnownFileType = sourcecode.c.h; path = MovieCell.h; sourceTree = "<group>"; };
		9043CF2D20E4564B00785180 /* MovieCell.m */ = {isa = PBXFileReference; lastKnownFileType = sourcecode.c.objc; path = MovieCell.m; sourceTree = "<group>"; };
		9043CF2F20E4624B00785180 /* DetailsViewController.h */ = {isa = PBXFileReference; lastKnownFileType = sourcecode.c.h; path = DetailsViewController.h; sourceTree = "<group>"; };
		9043CF3020E4624B00785180 /* DetailsViewController.m */ = {isa = PBXFileReference; lastKnownFileType = sourcecode.c.objc; path = DetailsViewController.m; sourceTree = "<group>"; };
		9043CF3220E4866700785180 /* MoviesGridViewController.h */ = {isa = PBXFileReference; lastKnownFileType = sourcecode.c.h; path = MoviesGridViewController.h; sourceTree = "<group>"; };
		9043CF3320E4866700785180 /* MoviesGridViewController.m */ = {isa = PBXFileReference; lastKnownFileType = sourcecode.c.objc; path = MoviesGridViewController.m; sourceTree = "<group>"; };
		9043CF3520E488E300785180 /* MovieCollectionCell.h */ = {isa = PBXFileReference; lastKnownFileType = sourcecode.c.h; path = MovieCollectionCell.h; sourceTree = "<group>"; };
		9043CF3620E488E300785180 /* MovieCollectionCell.m */ = {isa = PBXFileReference; lastKnownFileType = sourcecode.c.objc; path = MovieCollectionCell.m; sourceTree = "<group>"; };
		90CE848220E5556900B0BDDE /* SearchViewController.h */ = {isa = PBXFileReference; lastKnownFileType = sourcecode.c.h; name = SearchViewController.h; path = /Users/slampotang/Desktop/Flix/Flix/ViewControllers/SearchViewController.h; sourceTree = "<absolute>"; };
		90CE848320E5556900B0BDDE /* SearchViewController.m */ = {isa = PBXFileReference; lastKnownFileType = sourcecode.c.objc; name = SearchViewController.m; path = /Users/slampotang/Desktop/Flix/Flix/ViewControllers/SearchViewController.m; sourceTree = "<absolute>"; };
		90CE848520E55C0400B0BDDE /* SearchCell.h */ = {isa = PBXFileReference; lastKnownFileType = sourcecode.c.h; path = SearchCell.h; sourceTree = "<group>"; };
		90CE848620E55C0400B0BDDE /* SearchCell.m */ = {isa = PBXFileReference; lastKnownFileType = sourcecode.c.objc; path = SearchCell.m; sourceTree = "<group>"; };
		90F2D19220E409AA0083C495 /* Flix.app */ = {isa = PBXFileReference; explicitFileType = wrapper.application; includeInIndex = 0; path = Flix.app; sourceTree = BUILT_PRODUCTS_DIR; };
		90F2D19520E409AA0083C495 /* AppDelegate.h */ = {isa = PBXFileReference; lastKnownFileType = sourcecode.c.h; path = AppDelegate.h; sourceTree = "<group>"; };
		90F2D19620E409AA0083C495 /* AppDelegate.m */ = {isa = PBXFileReference; lastKnownFileType = sourcecode.c.objc; path = AppDelegate.m; sourceTree = "<group>"; };
		90F2D19C20E409AA0083C495 /* Base */ = {isa = PBXFileReference; lastKnownFileType = file.storyboard; name = Base; path = Base.lproj/Main.storyboard; sourceTree = "<group>"; };
		90F2D19E20E409AB0083C495 /* Assets.xcassets */ = {isa = PBXFileReference; lastKnownFileType = folder.assetcatalog; path = Assets.xcassets; sourceTree = "<group>"; };
		90F2D1A120E409AB0083C495 /* Base */ = {isa = PBXFileReference; lastKnownFileType = file.storyboard; name = Base; path = Base.lproj/LaunchScreen.storyboard; sourceTree = "<group>"; };
		90F2D1A320E409AB0083C495 /* Info.plist */ = {isa = PBXFileReference; lastKnownFileType = text.plist.xml; path = Info.plist; sourceTree = "<group>"; };
		90F2D1A420E409AB0083C495 /* main.m */ = {isa = PBXFileReference; lastKnownFileType = sourcecode.c.objc; path = main.m; sourceTree = "<group>"; };
		90F2D1AA20E409AB0083C495 /* FlixTests.xctest */ = {isa = PBXFileReference; explicitFileType = wrapper.cfbundle; includeInIndex = 0; path = FlixTests.xctest; sourceTree = BUILT_PRODUCTS_DIR; };
		90F2D1AE20E409AB0083C495 /* FlixTests.m */ = {isa = PBXFileReference; lastKnownFileType = sourcecode.c.objc; path = FlixTests.m; sourceTree = "<group>"; };
		90F2D1B020E409AC0083C495 /* Info.plist */ = {isa = PBXFileReference; lastKnownFileType = text.plist.xml; path = Info.plist; sourceTree = "<group>"; };
		90F2D1B520E409AC0083C495 /* FlixUITests.xctest */ = {isa = PBXFileReference; explicitFileType = wrapper.cfbundle; includeInIndex = 0; path = FlixUITests.xctest; sourceTree = BUILT_PRODUCTS_DIR; };
		90F2D1B920E409AC0083C495 /* FlixUITests.m */ = {isa = PBXFileReference; lastKnownFileType = sourcecode.c.objc; path = FlixUITests.m; sourceTree = "<group>"; };
		90F2D1BB20E409AC0083C495 /* Info.plist */ = {isa = PBXFileReference; lastKnownFileType = text.plist.xml; path = Info.plist; sourceTree = "<group>"; };
		90F2D1C720E413160083C495 /* MoviesViewController.h */ = {isa = PBXFileReference; lastKnownFileType = sourcecode.c.h; path = MoviesViewController.h; sourceTree = "<group>"; };
		90F2D1C820E413160083C495 /* MoviesViewController.m */ = {isa = PBXFileReference; lastKnownFileType = sourcecode.c.objc; path = MoviesViewController.m; sourceTree = "<group>"; };
		A42E1CF18BAB74171735FAC6 /* libPods-FlixUITests.a */ = {isa = PBXFileReference; explicitFileType = archive.ar; includeInIndex = 0; path = "libPods-FlixUITests.a"; sourceTree = BUILT_PRODUCTS_DIR; };
		D513F4F32BC69123E3454544 /* libPods-Flix.a */ = {isa = PBXFileReference; explicitFileType = archive.ar; includeInIndex = 0; path = "libPods-Flix.a"; sourceTree = BUILT_PRODUCTS_DIR; };
		EADA0A2C0A0CE6E4D5DD5829 /* Pods-FlixTests.debug.xcconfig */ = {isa = PBXFileReference; includeInIndex = 1; lastKnownFileType = text.xcconfig; name = "Pods-FlixTests.debug.xcconfig"; path = "Pods/Target Support Files/Pods-FlixTests/Pods-FlixTests.debug.xcconfig"; sourceTree = "<group>"; };
		F89308BF191917833C1F4093 /* Pods-Flix.release.xcconfig */ = {isa = PBXFileReference; includeInIndex = 1; lastKnownFileType = text.xcconfig; name = "Pods-Flix.release.xcconfig"; path = "Pods/Target Support Files/Pods-Flix/Pods-Flix.release.xcconfig"; sourceTree = "<group>"; };
/* End PBXFileReference section */

/* Begin PBXFrameworksBuildPhase section */
		90F2D18F20E409AA0083C495 /* Frameworks */ = {
			isa = PBXFrameworksBuildPhase;
			buildActionMask = 2147483647;
			files = (
				2FF0456913D1E65FA2B2CB11 /* libPods-Flix.a in Frameworks */,
			);
			runOnlyForDeploymentPostprocessing = 0;
		};
		90F2D1A720E409AB0083C495 /* Frameworks */ = {
			isa = PBXFrameworksBuildPhase;
			buildActionMask = 2147483647;
			files = (
				674CCAA7604983C29B3BA92D /* libPods-FlixTests.a in Frameworks */,
			);
			runOnlyForDeploymentPostprocessing = 0;
		};
		90F2D1B220E409AC0083C495 /* Frameworks */ = {
			isa = PBXFrameworksBuildPhase;
			buildActionMask = 2147483647;
			files = (
				DF98CD9E05BF67E85C1B50B7 /* libPods-FlixUITests.a in Frameworks */,
			);
			runOnlyForDeploymentPostprocessing = 0;
		};
/* End PBXFrameworksBuildPhase section */

/* Begin PBXGroup section */
		236D9CBD6B0BD5D66957B5A8 /* Frameworks */ = {
			isa = PBXGroup;
			children = (
				D513F4F32BC69123E3454544 /* libPods-Flix.a */,
				7717584F60F6A2BDBCE87148 /* libPods-FlixTests.a */,
				A42E1CF18BAB74171735FAC6 /* libPods-FlixUITests.a */,
			);
			name = Frameworks;
			sourceTree = "<group>";
		};
		3357D6E131D7931B10661D13 /* Pods */ = {
			isa = PBXGroup;
			children = (
				3FC82CA63BD2B454D04361E1 /* Pods-Flix.debug.xcconfig */,
				F89308BF191917833C1F4093 /* Pods-Flix.release.xcconfig */,
				EADA0A2C0A0CE6E4D5DD5829 /* Pods-FlixTests.debug.xcconfig */,
				03CB0C70EB3B76C18E84664D /* Pods-FlixTests.release.xcconfig */,
				0873D5CD39EF8BB316DAA257 /* Pods-FlixUITests.debug.xcconfig */,
				450C56691BAC9EBFB1925EDA /* Pods-FlixUITests.release.xcconfig */,
			);
			name = Pods;
			sourceTree = "<group>";
		};
		90F2D18920E409AA0083C495 = {
			isa = PBXGroup;
			children = (
				90F2D19420E409AA0083C495 /* Flix */,
				90F2D1AD20E409AB0083C495 /* FlixTests */,
				90F2D1B820E409AC0083C495 /* FlixUITests */,
				90F2D19320E409AA0083C495 /* Products */,
				3357D6E131D7931B10661D13 /* Pods */,
				236D9CBD6B0BD5D66957B5A8 /* Frameworks */,
			);
			sourceTree = "<group>";
		};
		90F2D19320E409AA0083C495 /* Products */ = {
			isa = PBXGroup;
			children = (
				90F2D19220E409AA0083C495 /* Flix.app */,
				90F2D1AA20E409AB0083C495 /* FlixTests.xctest */,
				90F2D1B520E409AC0083C495 /* FlixUITests.xctest */,
			);
			name = Products;
			sourceTree = "<group>";
		};
		90F2D19420E409AA0083C495 /* Flix */ = {
			isa = PBXGroup;
			children = (
				90F2D1CC20E413A70083C495 /* Models */,
				90F2D1CB20E413A20083C495 /* Views */,
				90F2D1CA20E4138F0083C495 /* ViewControllers */,
				90F2D19520E409AA0083C495 /* AppDelegate.h */,
				90F2D19620E409AA0083C495 /* AppDelegate.m */,
				90F2D19B20E409AA0083C495 /* Main.storyboard */,
				9043CF3520E488E300785180 /* MovieCollectionCell.h */,
				9043CF3620E488E300785180 /* MovieCollectionCell.m */,
				9043CF2C20E4564B00785180 /* MovieCell.h */,
				90CE848520E55C0400B0BDDE /* SearchCell.h */,
				90CE848620E55C0400B0BDDE /* SearchCell.m */,
				9043CF2D20E4564B00785180 /* MovieCell.m */,
				90F2D19E20E409AB0083C495 /* Assets.xcassets */,
				90F2D1A020E409AB0083C495 /* LaunchScreen.storyboard */,
				90F2D1A320E409AB0083C495 /* Info.plist */,
				90F2D1A420E409AB0083C495 /* main.m */,
			);
			path = Flix;
			sourceTree = "<group>";
		};
		90F2D1AD20E409AB0083C495 /* FlixTests */ = {
			isa = PBXGroup;
			children = (
				90F2D1AE20E409AB0083C495 /* FlixTests.m */,
				90F2D1B020E409AC0083C495 /* Info.plist */,
			);
			path = FlixTests;
			sourceTree = "<group>";
		};
		90F2D1B820E409AC0083C495 /* FlixUITests */ = {
			isa = PBXGroup;
			children = (
				90F2D1B920E409AC0083C495 /* FlixUITests.m */,
				90F2D1BB20E409AC0083C495 /* Info.plist */,
			);
			path = FlixUITests;
			sourceTree = "<group>";
		};
		90F2D1CA20E4138F0083C495 /* ViewControllers */ = {
			isa = PBXGroup;
			children = (
				90F2D1C720E413160083C495 /* MoviesViewController.h */,
				90F2D1C820E413160083C495 /* MoviesViewController.m */,
				9043CF3220E4866700785180 /* MoviesGridViewController.h */,
				9043CF3320E4866700785180 /* MoviesGridViewController.m */,
				9043CF2F20E4624B00785180 /* DetailsViewController.h */,
				9043CF3020E4624B00785180 /* DetailsViewController.m */,
				90CE848220E5556900B0BDDE /* SearchViewController.h */,
				90CE848320E5556900B0BDDE /* SearchViewController.m */,
			);
			path = ViewControllers;
			sourceTree = "<group>";
		};
		90F2D1CB20E413A20083C495 /* Views */ = {
			isa = PBXGroup;
			children = (
			);
			path = Views;
			sourceTree = "<group>";
		};
		90F2D1CC20E413A70083C495 /* Models */ = {
			isa = PBXGroup;
			children = (
			);
			path = Models;
			sourceTree = "<group>";
		};
/* End PBXGroup section */

/* Begin PBXNativeTarget section */
		90F2D19120E409AA0083C495 /* Flix */ = {
			isa = PBXNativeTarget;
			buildConfigurationList = 90F2D1BE20E409AC0083C495 /* Build configuration list for PBXNativeTarget "Flix" */;
			buildPhases = (
				69F451B449F8C4CB569C2FD0 /* [CP] Check Pods Manifest.lock */,
				90F2D18E20E409AA0083C495 /* Sources */,
				90F2D18F20E409AA0083C495 /* Frameworks */,
				90F2D19020E409AA0083C495 /* Resources */,
			);
			buildRules = (
			);
			dependencies = (
			);
			name = Flix;
			productName = Flix;
			productReference = 90F2D19220E409AA0083C495 /* Flix.app */;
			productType = "com.apple.product-type.application";
		};
		90F2D1A920E409AB0083C495 /* FlixTests */ = {
			isa = PBXNativeTarget;
			buildConfigurationList = 90F2D1C120E409AC0083C495 /* Build configuration list for PBXNativeTarget "FlixTests" */;
			buildPhases = (
				042DE523F2F3AC266649727C /* [CP] Check Pods Manifest.lock */,
				90F2D1A620E409AB0083C495 /* Sources */,
				90F2D1A720E409AB0083C495 /* Frameworks */,
				90F2D1A820E409AB0083C495 /* Resources */,
			);
			buildRules = (
			);
			dependencies = (
				90F2D1AC20E409AB0083C495 /* PBXTargetDependency */,
			);
			name = FlixTests;
			productName = FlixTests;
			productReference = 90F2D1AA20E409AB0083C495 /* FlixTests.xctest */;
			productType = "com.apple.product-type.bundle.unit-test";
		};
		90F2D1B420E409AC0083C495 /* FlixUITests */ = {
			isa = PBXNativeTarget;
			buildConfigurationList = 90F2D1C420E409AC0083C495 /* Build configuration list for PBXNativeTarget "FlixUITests" */;
			buildPhases = (
				7A73EA19759449855AA155C8 /* [CP] Check Pods Manifest.lock */,
				90F2D1B120E409AC0083C495 /* Sources */,
				90F2D1B220E409AC0083C495 /* Frameworks */,
				90F2D1B320E409AC0083C495 /* Resources */,
			);
			buildRules = (
			);
			dependencies = (
				90F2D1B720E409AC0083C495 /* PBXTargetDependency */,
			);
			name = FlixUITests;
			productName = FlixUITests;
			productReference = 90F2D1B520E409AC0083C495 /* FlixUITests.xctest */;
			productType = "com.apple.product-type.bundle.ui-testing";
		};
/* End PBXNativeTarget section */

/* Begin PBXProject section */
		90F2D18A20E409AA0083C495 /* Project object */ = {
			isa = PBXProject;
			attributes = {
				LastUpgradeCheck = 0940;
				ORGANIZATIONNAME = "Stephanie Lampotang";
				TargetAttributes = {
					90F2D19120E409AA0083C495 = {
						CreatedOnToolsVersion = 9.4.1;
					};
					90F2D1A920E409AB0083C495 = {
						CreatedOnToolsVersion = 9.4.1;
						TestTargetID = 90F2D19120E409AA0083C495;
					};
					90F2D1B420E409AC0083C495 = {
						CreatedOnToolsVersion = 9.4.1;
						TestTargetID = 90F2D19120E409AA0083C495;
					};
				};
			};
			buildConfigurationList = 90F2D18D20E409AA0083C495 /* Build configuration list for PBXProject "Flix" */;
			compatibilityVersion = "Xcode 9.3";
			developmentRegion = en;
			hasScannedForEncodings = 0;
			knownRegions = (
				en,
				Base,
			);
			mainGroup = 90F2D18920E409AA0083C495;
			productRefGroup = 90F2D19320E409AA0083C495 /* Products */;
			projectDirPath = "";
			projectRoot = "";
			targets = (
				90F2D19120E409AA0083C495 /* Flix */,
				90F2D1A920E409AB0083C495 /* FlixTests */,
				90F2D1B420E409AC0083C495 /* FlixUITests */,
			);
		};
/* End PBXProject section */

/* Begin PBXResourcesBuildPhase section */
		90F2D19020E409AA0083C495 /* Resources */ = {
			isa = PBXResourcesBuildPhase;
			buildActionMask = 2147483647;
			files = (
				90F2D1A220E409AB0083C495 /* LaunchScreen.storyboard in Resources */,
				90F2D19F20E409AB0083C495 /* Assets.xcassets in Resources */,
				90F2D19D20E409AA0083C495 /* Main.storyboard in Resources */,
			);
			runOnlyForDeploymentPostprocessing = 0;
		};
		90F2D1A820E409AB0083C495 /* Resources */ = {
			isa = PBXResourcesBuildPhase;
			buildActionMask = 2147483647;
			files = (
			);
			runOnlyForDeploymentPostprocessing = 0;
		};
		90F2D1B320E409AC0083C495 /* Resources */ = {
			isa = PBXResourcesBuildPhase;
			buildActionMask = 2147483647;
			files = (
			);
			runOnlyForDeploymentPostprocessing = 0;
		};
/* End PBXResourcesBuildPhase section */

/* Begin PBXShellScriptBuildPhase section */
		042DE523F2F3AC266649727C /* [CP] Check Pods Manifest.lock */ = {
			isa = PBXShellScriptBuildPhase;
			buildActionMask = 2147483647;
			files = (
			);
			inputPaths = (
				"${PODS_PODFILE_DIR_PATH}/Podfile.lock",
				"${PODS_ROOT}/Manifest.lock",
			);
			name = "[CP] Check Pods Manifest.lock";
			outputPaths = (
				"$(DERIVED_FILE_DIR)/Pods-FlixTests-checkManifestLockResult.txt",
			);
			runOnlyForDeploymentPostprocessing = 0;
			shellPath = /bin/sh;
			shellScript = "diff \"${PODS_PODFILE_DIR_PATH}/Podfile.lock\" \"${PODS_ROOT}/Manifest.lock\" > /dev/null\nif [ $? != 0 ] ; then\n    # print error to STDERR\n    echo \"error: The sandbox is not in sync with the Podfile.lock. Run 'pod install' or update your CocoaPods installation.\" >&2\n    exit 1\nfi\n# This output is used by Xcode 'outputs' to avoid re-running this script phase.\necho \"SUCCESS\" > \"${SCRIPT_OUTPUT_FILE_0}\"\n";
			showEnvVarsInLog = 0;
		};
		69F451B449F8C4CB569C2FD0 /* [CP] Check Pods Manifest.lock */ = {
			isa = PBXShellScriptBuildPhase;
			buildActionMask = 2147483647;
			files = (
			);
			inputPaths = (
				"${PODS_PODFILE_DIR_PATH}/Podfile.lock",
				"${PODS_ROOT}/Manifest.lock",
			);
			name = "[CP] Check Pods Manifest.lock";
			outputPaths = (
				"$(DERIVED_FILE_DIR)/Pods-Flix-checkManifestLockResult.txt",
			);
			runOnlyForDeploymentPostprocessing = 0;
			shellPath = /bin/sh;
			shellScript = "diff \"${PODS_PODFILE_DIR_PATH}/Podfile.lock\" \"${PODS_ROOT}/Manifest.lock\" > /dev/null\nif [ $? != 0 ] ; then\n    # print error to STDERR\n    echo \"error: The sandbox is not in sync with the Podfile.lock. Run 'pod install' or update your CocoaPods installation.\" >&2\n    exit 1\nfi\n# This output is used by Xcode 'outputs' to avoid re-running this script phase.\necho \"SUCCESS\" > \"${SCRIPT_OUTPUT_FILE_0}\"\n";
			showEnvVarsInLog = 0;
		};
		7A73EA19759449855AA155C8 /* [CP] Check Pods Manifest.lock */ = {
			isa = PBXShellScriptBuildPhase;
			buildActionMask = 2147483647;
			files = (
			);
			inputPaths = (
				"${PODS_PODFILE_DIR_PATH}/Podfile.lock",
				"${PODS_ROOT}/Manifest.lock",
			);
			name = "[CP] Check Pods Manifest.lock";
			outputPaths = (
				"$(DERIVED_FILE_DIR)/Pods-FlixUITests-checkManifestLockResult.txt",
			);
			runOnlyForDeploymentPostprocessing = 0;
			shellPath = /bin/sh;
			shellScript = "diff \"${PODS_PODFILE_DIR_PATH}/Podfile.lock\" \"${PODS_ROOT}/Manifest.lock\" > /dev/null\nif [ $? != 0 ] ; then\n    # print error to STDERR\n    echo \"error: The sandbox is not in sync with the Podfile.lock. Run 'pod install' or update your CocoaPods installation.\" >&2\n    exit 1\nfi\n# This output is used by Xcode 'outputs' to avoid re-running this script phase.\necho \"SUCCESS\" > \"${SCRIPT_OUTPUT_FILE_0}\"\n";
			showEnvVarsInLog = 0;
		};
/* End PBXShellScriptBuildPhase section */

/* Begin PBXSourcesBuildPhase section */
		90F2D18E20E409AA0083C495 /* Sources */ = {
			isa = PBXSourcesBuildPhase;
			buildActionMask = 2147483647;
			files = (
				90F2D1A520E409AB0083C495 /* main.m in Sources */,
				9043CF3120E4624B00785180 /* DetailsViewController.m in Sources */,
				90F2D19720E409AA0083C495 /* AppDelegate.m in Sources */,
				90CE848720E55C0400B0BDDE /* SearchCell.m in Sources */,
				9043CF3720E488E300785180 /* MovieCollectionCell.m in Sources */,
				9043CF2E20E4564B00785180 /* MovieCell.m in Sources */,
				90F2D1C920E413160083C495 /* MoviesViewController.m in Sources */,
				90CE848420E5556900B0BDDE /* SearchViewController.m in Sources */,
				9043CF3420E4866700785180 /* MoviesGridViewController.m in Sources */,
			);
			runOnlyForDeploymentPostprocessing = 0;
		};
		90F2D1A620E409AB0083C495 /* Sources */ = {
			isa = PBXSourcesBuildPhase;
			buildActionMask = 2147483647;
			files = (
				90F2D1AF20E409AB0083C495 /* FlixTests.m in Sources */,
			);
			runOnlyForDeploymentPostprocessing = 0;
		};
		90F2D1B120E409AC0083C495 /* Sources */ = {
			isa = PBXSourcesBuildPhase;
			buildActionMask = 2147483647;
			files = (
				90F2D1BA20E409AC0083C495 /* FlixUITests.m in Sources */,
			);
			runOnlyForDeploymentPostprocessing = 0;
		};
/* End PBXSourcesBuildPhase section */

/* Begin PBXTargetDependency section */
		90F2D1AC20E409AB0083C495 /* PBXTargetDependency */ = {
			isa = PBXTargetDependency;
			target = 90F2D19120E409AA0083C495 /* Flix */;
			targetProxy = 90F2D1AB20E409AB0083C495 /* PBXContainerItemProxy */;
		};
		90F2D1B720E409AC0083C495 /* PBXTargetDependency */ = {
			isa = PBXTargetDependency;
			target = 90F2D19120E409AA0083C495 /* Flix */;
			targetProxy = 90F2D1B620E409AC0083C495 /* PBXContainerItemProxy */;
		};
/* End PBXTargetDependency section */

/* Begin PBXVariantGroup section */
		90F2D19B20E409AA0083C495 /* Main.storyboard */ = {
			isa = PBXVariantGroup;
			children = (
				90F2D19C20E409AA0083C495 /* Base */,
			);
			name = Main.storyboard;
			sourceTree = "<group>";
		};
		90F2D1A020E409AB0083C495 /* LaunchScreen.storyboard */ = {
			isa = PBXVariantGroup;
			children = (
				90F2D1A120E409AB0083C495 /* Base */,
			);
			name = LaunchScreen.storyboard;
			sourceTree = "<group>";
		};
/* End PBXVariantGroup section */

/* Begin XCBuildConfiguration section */
		90F2D1BC20E409AC0083C495 /* Debug */ = {
			isa = XCBuildConfiguration;
			buildSettings = {
				ALWAYS_SEARCH_USER_PATHS = NO;
				CLANG_ANALYZER_NONNULL = YES;
				CLANG_ANALYZER_NUMBER_OBJECT_CONVERSION = YES_AGGRESSIVE;
				CLANG_CXX_LANGUAGE_STANDARD = "gnu++14";
				CLANG_CXX_LIBRARY = "libc++";
				CLANG_ENABLE_MODULES = YES;
				CLANG_ENABLE_OBJC_ARC = YES;
				CLANG_ENABLE_OBJC_WEAK = YES;
				CLANG_WARN_BLOCK_CAPTURE_AUTORELEASING = YES;
				CLANG_WARN_BOOL_CONVERSION = YES;
				CLANG_WARN_COMMA = YES;
				CLANG_WARN_CONSTANT_CONVERSION = YES;
				CLANG_WARN_DEPRECATED_OBJC_IMPLEMENTATIONS = YES;
				CLANG_WARN_DIRECT_OBJC_ISA_USAGE = YES_ERROR;
				CLANG_WARN_DOCUMENTATION_COMMENTS = YES;
				CLANG_WARN_EMPTY_BODY = YES;
				CLANG_WARN_ENUM_CONVERSION = YES;
				CLANG_WARN_INFINITE_RECURSION = YES;
				CLANG_WARN_INT_CONVERSION = YES;
				CLANG_WARN_NON_LITERAL_NULL_CONVERSION = YES;
				CLANG_WARN_OBJC_IMPLICIT_RETAIN_SELF = YES;
				CLANG_WARN_OBJC_LITERAL_CONVERSION = YES;
				CLANG_WARN_OBJC_ROOT_CLASS = YES_ERROR;
				CLANG_WARN_RANGE_LOOP_ANALYSIS = YES;
				CLANG_WARN_STRICT_PROTOTYPES = YES;
				CLANG_WARN_SUSPICIOUS_MOVE = YES;
				CLANG_WARN_UNGUARDED_AVAILABILITY = YES_AGGRESSIVE;
				CLANG_WARN_UNREACHABLE_CODE = YES;
				CLANG_WARN__DUPLICATE_METHOD_MATCH = YES;
				CODE_SIGN_IDENTITY = "iPhone Developer";
				COPY_PHASE_STRIP = NO;
				DEBUG_INFORMATION_FORMAT = dwarf;
				ENABLE_STRICT_OBJC_MSGSEND = YES;
				ENABLE_TESTABILITY = YES;
				GCC_C_LANGUAGE_STANDARD = gnu11;
				GCC_DYNAMIC_NO_PIC = NO;
				GCC_NO_COMMON_BLOCKS = YES;
				GCC_OPTIMIZATION_LEVEL = 0;
				GCC_PREPROCESSOR_DEFINITIONS = (
					"DEBUG=1",
					"$(inherited)",
				);
				GCC_WARN_64_TO_32_BIT_CONVERSION = YES;
				GCC_WARN_ABOUT_RETURN_TYPE = YES_ERROR;
				GCC_WARN_UNDECLARED_SELECTOR = YES;
				GCC_WARN_UNINITIALIZED_AUTOS = YES_AGGRESSIVE;
				GCC_WARN_UNUSED_FUNCTION = YES;
				GCC_WARN_UNUSED_VARIABLE = YES;
				IPHONEOS_DEPLOYMENT_TARGET = 11.4;
				MTL_ENABLE_DEBUG_INFO = YES;
				ONLY_ACTIVE_ARCH = YES;
				SDKROOT = iphoneos;
			};
			name = Debug;
		};
		90F2D1BD20E409AC0083C495 /* Release */ = {
			isa = XCBuildConfiguration;
			buildSettings = {
				ALWAYS_SEARCH_USER_PATHS = NO;
				CLANG_ANALYZER_NONNULL = YES;
				CLANG_ANALYZER_NUMBER_OBJECT_CONVERSION = YES_AGGRESSIVE;
				CLANG_CXX_LANGUAGE_STANDARD = "gnu++14";
				CLANG_CXX_LIBRARY = "libc++";
				CLANG_ENABLE_MODULES = YES;
				CLANG_ENABLE_OBJC_ARC = YES;
				CLANG_ENABLE_OBJC_WEAK = YES;
				CLANG_WARN_BLOCK_CAPTURE_AUTORELEASING = YES;
				CLANG_WARN_BOOL_CONVERSION = YES;
				CLANG_WARN_COMMA = YES;
				CLANG_WARN_CONSTANT_CONVERSION = YES;
				CLANG_WARN_DEPRECATED_OBJC_IMPLEMENTATIONS = YES;
				CLANG_WARN_DIRECT_OBJC_ISA_USAGE = YES_ERROR;
				CLANG_WARN_DOCUMENTATION_COMMENTS = YES;
				CLANG_WARN_EMPTY_BODY = YES;
				CLANG_WARN_ENUM_CONVERSION = YES;
				CLANG_WARN_INFINITE_RECURSION = YES;
				CLANG_WARN_INT_CONVERSION = YES;
				CLANG_WARN_NON_LITERAL_NULL_CONVERSION = YES;
				CLANG_WARN_OBJC_IMPLICIT_RETAIN_SELF = YES;
				CLANG_WARN_OBJC_LITERAL_CONVERSION = YES;
				CLANG_WARN_OBJC_ROOT_CLASS = YES_ERROR;
				CLANG_WARN_RANGE_LOOP_ANALYSIS = YES;
				CLANG_WARN_STRICT_PROTOTYPES = YES;
				CLANG_WARN_SUSPICIOUS_MOVE = YES;
				CLANG_WARN_UNGUARDED_AVAILABILITY = YES_AGGRESSIVE;
				CLANG_WARN_UNREACHABLE_CODE = YES;
				CLANG_WARN__DUPLICATE_METHOD_MATCH = YES;
				CODE_SIGN_IDENTITY = "iPhone Developer";
				COPY_PHASE_STRIP = NO;
				DEBUG_INFORMATION_FORMAT = "dwarf-with-dsym";
				ENABLE_NS_ASSERTIONS = NO;
				ENABLE_STRICT_OBJC_MSGSEND = YES;
				GCC_C_LANGUAGE_STANDARD = gnu11;
				GCC_NO_COMMON_BLOCKS = YES;
				GCC_WARN_64_TO_32_BIT_CONVERSION = YES;
				GCC_WARN_ABOUT_RETURN_TYPE = YES_ERROR;
				GCC_WARN_UNDECLARED_SELECTOR = YES;
				GCC_WARN_UNINITIALIZED_AUTOS = YES_AGGRESSIVE;
				GCC_WARN_UNUSED_FUNCTION = YES;
				GCC_WARN_UNUSED_VARIABLE = YES;
				IPHONEOS_DEPLOYMENT_TARGET = 11.4;
				MTL_ENABLE_DEBUG_INFO = NO;
				SDKROOT = iphoneos;
				VALIDATE_PRODUCT = YES;
			};
			name = Release;
		};
		90F2D1BF20E409AC0083C495 /* Debug */ = {
			isa = XCBuildConfiguration;
			baseConfigurationReference = 3FC82CA63BD2B454D04361E1 /* Pods-Flix.debug.xcconfig */;
			buildSettings = {
				ASSETCATALOG_COMPILER_APPICON_NAME = AppIcon;
				CODE_SIGN_STYLE = Automatic;
				DEVELOPMENT_TEAM = 6VXY7J79LR;
				INFOPLIST_FILE = Flix/Info.plist;
				LD_RUNPATH_SEARCH_PATHS = (
					"$(inherited)",
					"@executable_path/Frameworks",
				);
				PRODUCT_BUNDLE_IDENTIFIER = com.stephanielampotang.Flix;
				PRODUCT_NAME = "$(TARGET_NAME)";
				TARGETED_DEVICE_FAMILY = "1,2";
			};
			name = Debug;
		};
		90F2D1C020E409AC0083C495 /* Release */ = {
			isa = XCBuildConfiguration;
			baseConfigurationReference = F89308BF191917833C1F4093 /* Pods-Flix.release.xcconfig */;
			buildSettings = {
				ASSETCATALOG_COMPILER_APPICON_NAME = AppIcon;
				CODE_SIGN_STYLE = Automatic;
				DEVELOPMENT_TEAM = 6VXY7J79LR;
				INFOPLIST_FILE = Flix/Info.plist;
				LD_RUNPATH_SEARCH_PATHS = (
					"$(inherited)",
					"@executable_path/Frameworks",
				);
				PRODUCT_BUNDLE_IDENTIFIER = com.stephanielampotang.Flix;
				PRODUCT_NAME = "$(TARGET_NAME)";
				TARGETED_DEVICE_FAMILY = "1,2";
			};
			name = Release;
		};
		90F2D1C220E409AC0083C495 /* Debug */ = {
			isa = XCBuildConfiguration;
			baseConfigurationReference = EADA0A2C0A0CE6E4D5DD5829 /* Pods-FlixTests.debug.xcconfig */;
			buildSettings = {
				BUNDLE_LOADER = "$(TEST_HOST)";
				CODE_SIGN_STYLE = Automatic;
				INFOPLIST_FILE = FlixTests/Info.plist;
				LD_RUNPATH_SEARCH_PATHS = (
					"$(inherited)",
					"@executable_path/Frameworks",
					"@loader_path/Frameworks",
				);
				PRODUCT_BUNDLE_IDENTIFIER = com.stephanielampotang.FlixTests;
				PRODUCT_NAME = "$(TARGET_NAME)";
				TARGETED_DEVICE_FAMILY = "1,2";
				TEST_HOST = "$(BUILT_PRODUCTS_DIR)/Flix.app/Flix";
			};
			name = Debug;
		};
		90F2D1C320E409AC0083C495 /* Release */ = {
			isa = XCBuildConfiguration;
			baseConfigurationReference = 03CB0C70EB3B76C18E84664D /* Pods-FlixTests.release.xcconfig */;
			buildSettings = {
				BUNDLE_LOADER = "$(TEST_HOST)";
				CODE_SIGN_STYLE = Automatic;
				INFOPLIST_FILE = FlixTests/Info.plist;
				LD_RUNPATH_SEARCH_PATHS = (
					"$(inherited)",
					"@executable_path/Frameworks",
					"@loader_path/Frameworks",
				);
				PRODUCT_BUNDLE_IDENTIFIER = com.stephanielampotang.FlixTests;
				PRODUCT_NAME = "$(TARGET_NAME)";
				TARGETED_DEVICE_FAMILY = "1,2";
				TEST_HOST = "$(BUILT_PRODUCTS_DIR)/Flix.app/Flix";
			};
			name = Release;
		};
		90F2D1C520E409AC0083C495 /* Debug */ = {
			isa = XCBuildConfiguration;
			baseConfigurationReference = 0873D5CD39EF8BB316DAA257 /* Pods-FlixUITests.debug.xcconfig */;
			buildSettings = {
				CODE_SIGN_STYLE = Automatic;
				INFOPLIST_FILE = FlixUITests/Info.plist;
				LD_RUNPATH_SEARCH_PATHS = (
					"$(inherited)",
					"@executable_path/Frameworks",
					"@loader_path/Frameworks",
				);
				PRODUCT_BUNDLE_IDENTIFIER = com.stephanielampotang.FlixUITests;
				PRODUCT_NAME = "$(TARGET_NAME)";
				TARGETED_DEVICE_FAMILY = "1,2";
				TEST_TARGET_NAME = Flix;
			};
			name = Debug;
		};
		90F2D1C620E409AC0083C495 /* Release */ = {
			isa = XCBuildConfiguration;
			baseConfigurationReference = 450C56691BAC9EBFB1925EDA /* Pods-FlixUITests.release.xcconfig */;
			buildSettings = {
				CODE_SIGN_STYLE = Automatic;
				INFOPLIST_FILE = FlixUITests/Info.plist;
				LD_RUNPATH_SEARCH_PATHS = (
					"$(inherited)",
					"@executable_path/Frameworks",
					"@loader_path/Frameworks",
				);
				PRODUCT_BUNDLE_IDENTIFIER = com.stephanielampotang.FlixUITests;
				PRODUCT_NAME = "$(TARGET_NAME)";
				TARGETED_DEVICE_FAMILY = "1,2";
				TEST_TARGET_NAME = Flix;
			};
			name = Release;
		};
/* End XCBuildConfiguration section */

/* Begin XCConfigurationList section */
		90F2D18D20E409AA0083C495 /* Build configuration list for PBXProject "Flix" */ = {
			isa = XCConfigurationList;
			buildConfigurations = (
				90F2D1BC20E409AC0083C495 /* Debug */,
				90F2D1BD20E409AC0083C495 /* Release */,
			);
			defaultConfigurationIsVisible = 0;
			defaultConfigurationName = Release;
		};
		90F2D1BE20E409AC0083C495 /* Build configuration list for PBXNativeTarget "Flix" */ = {
			isa = XCConfigurationList;
			buildConfigurations = (
				90F2D1BF20E409AC0083C495 /* Debug */,
				90F2D1C020E409AC0083C495 /* Release */,
			);
			defaultConfigurationIsVisible = 0;
			defaultConfigurationName = Release;
		};
		90F2D1C120E409AC0083C495 /* Build configuration list for PBXNativeTarget "FlixTests" */ = {
			isa = XCConfigurationList;
			buildConfigurations = (
				90F2D1C220E409AC0083C495 /* Debug */,
				90F2D1C320E409AC0083C495 /* Release */,
			);
			defaultConfigurationIsVisible = 0;
			defaultConfigurationName = Release;
		};
		90F2D1C420E409AC0083C495 /* Build configuration list for PBXNativeTarget "FlixUITests" */ = {
			isa = XCConfigurationList;
			buildConfigurations = (
				90F2D1C520E409AC0083C495 /* Debug */,
				90F2D1C620E409AC0083C495 /* Release */,
			);
			defaultConfigurationIsVisible = 0;
			defaultConfigurationName = Release;
		};
/* End XCConfigurationList section */
	};
	rootObject = 90F2D18A20E409AA0083C495 /* Project object */;
}
